
Microsoft Visual Studio Solution File, Format Version 12.00
# Visual Studio Version 16
VisualStudioVersion = 25.0.1700.0
MinimumVisualStudioVersion = 10.0.40219.1
Project("{FAE04EC0-301F-11D3-BF4B-00C04F79EFBC}") = "test2", "test2\test2.csproj", "{F1027BFF-EFEF-443B-B608-F3E54CD19F9B}"
EndProject
Global
	GlobalSection(SolutionConfigurationPlatforms) = preSolution
		Debug|Any CPU = Debug|Any CPU
		Release|Any CPU = Release|Any CPU
	EndGlobalSection
	GlobalSection(ProjectConfigurationPlatforms) = postSolution
		{F1027BFF-EFEF-443B-B608-F3E54CD19F9B}.Debug|Any CPU.ActiveCfg = Debug|Any CPU
		{F1027BFF-EFEF-443B-B608-F3E54CD19F9B}.Debug|Any CPU.Build.0 = Debug|Any CPU
		{F1027BFF-EFEF-443B-B608-F3E54CD19F9B}.Release|Any CPU.ActiveCfg = Release|Any CPU
		{F1027BFF-EFEF-443B-B608-F3E54CD19F9B}.Release|Any CPU.Build.0 = Release|Any CPU
	EndGlobalSection
	GlobalSection(SolutionProperties) = preSolution
		HideSolutionNode = FALSE
	EndGlobalSection
	GlobalSection(ExtensibilityGlobals) = postSolution
		SolutionGuid = {684EF5C1-62F7-442B-A130-EC450D512CD8}
	EndGlobalSection
EndGlobal
