
Microsoft Visual Studio Solution File, Format Version 12.00
# Visual Studio Version 16
VisualStudioVersion = 25.0.1704.0
MinimumVisualStudioVersion = 10.0.40219.1
Project("{FAE04EC0-301F-11D3-BF4B-00C04F79EFBC}") = "tp9", "tp9\tp9.csproj", "{F4BF1714-FAA1-4257-8D16-6ADB02F30194}"
EndProject
Global
	GlobalSection(SolutionConfigurationPlatforms) = preSolution
		Debug|Any CPU = Debug|Any CPU
		Release|Any CPU = Release|Any CPU
	EndGlobalSection
	GlobalSection(ProjectConfigurationPlatforms) = postSolution
		{F4BF1714-FAA1-4257-8D16-6ADB02F30194}.Debug|Any CPU.ActiveCfg = Debug|Any CPU
		{F4BF1714-FAA1-4257-8D16-6ADB02F30194}.Debug|Any CPU.Build.0 = Debug|Any CPU
		{F4BF1714-FAA1-4257-8D16-6ADB02F30194}.Release|Any CPU.ActiveCfg = Release|Any CPU
		{F4BF1714-FAA1-4257-8D16-6ADB02F30194}.Release|Any CPU.Build.0 = Release|Any CPU
	EndGlobalSection
	GlobalSection(SolutionProperties) = preSolution
		HideSolutionNode = FALSE
	EndGlobalSection
	GlobalSection(ExtensibilityGlobals) = postSolution
		SolutionGuid = {566EF3C7-23D4-4DCB-8FA3-662828F3C48C}
	EndGlobalSection
EndGlobal
