
Microsoft Visual Studio Solution File, Format Version 12.00
# Visual Studio Version 16
VisualStudioVersion = 25.0.1704.0
MinimumVisualStudioVersion = 10.0.40219.1
Project("{FAE04EC0-301F-11D3-BF4B-00C04F79EFBC}") = "test2.0", "test2.0\test2.0.csproj", "{A03114AA-F8F0-4141-99A1-88CFCF7FE144}"
EndProject
Global
	GlobalSection(SolutionConfigurationPlatforms) = preSolution
		Debug|Any CPU = Debug|Any CPU
		Release|Any CPU = Release|Any CPU
	EndGlobalSection
	GlobalSection(ProjectConfigurationPlatforms) = postSolution
		{A03114AA-F8F0-4141-99A1-88CFCF7FE144}.Debug|Any CPU.ActiveCfg = Debug|Any CPU
		{A03114AA-F8F0-4141-99A1-88CFCF7FE144}.Debug|Any CPU.Build.0 = Debug|Any CPU
		{A03114AA-F8F0-4141-99A1-88CFCF7FE144}.Release|Any CPU.ActiveCfg = Release|Any CPU
		{A03114AA-F8F0-4141-99A1-88CFCF7FE144}.Release|Any CPU.Build.0 = Release|Any CPU
	EndGlobalSection
	GlobalSection(SolutionProperties) = preSolution
		HideSolutionNode = FALSE
	EndGlobalSection
	GlobalSection(ExtensibilityGlobals) = postSolution
		SolutionGuid = {5DDCC6E7-3EF4-4FD3-A6D7-01BB60B42F8F}
	EndGlobalSection
EndGlobal
