
Microsoft Visual Studio Solution File, Format Version 12.00
# Visual Studio Version 17
VisualStudioVersion = 17.0.31903.59
MinimumVisualStudioVersion = 10.0.40219.1
Project("{FAE04EC0-301F-11D3-BF4B-00C04F79EFBC}") = "AspBookApp.LoggerService", "AspBookApp.LoggerService\AspBookApp.LoggerService.csproj", "{FE93DDEB-B7CC-4C95-8F14-A743EF40F0A5}"
EndProject
Project("{FAE04EC0-301F-11D3-BF4B-00C04F79EFBC}") = "AspBookApp.Contracts", "AspBookApp.Contracts\AspBookApp.Contracts.csproj", "{12708189-3323-4340-9BB5-6740F8CD5F86}"
EndProject
Project("{FAE04EC0-301F-11D3-BF4B-00C04F79EFBC}") = "AspBookApp.Api", "AspBookApp.Api\AspBookApp.Api.csproj", "{8342E517-C407-440E-B6E0-72ECB9EE2A98}"
EndProject
Project("{FAE04EC0-301F-11D3-BF4B-00C04F79EFBC}") = "AspBookApp.Repository", "AspBookApp.Repository\AspBookApp.Repository.csproj", "{130601BA-5CC3-40C8-9C91-71049EC64434}"
EndProject
Project("{FAE04EC0-301F-11D3-BF4B-00C04F79EFBC}") = "AspBookApp.Entities", "AspBookApp.Entities\AspBookApp.Entities.csproj", "{EFBBB3C0-4585-4104-A228-048444EB305D}"
EndProject
Project("{FAE04EC0-301F-11D3-BF4B-00C04F79EFBC}") = "AspBookApp.Service", "AspBookApp.Service\AspBookApp.Service.csproj", "{18B343F6-078E-4983-A20B-2304463C6EFB}"
EndProject
Project("{FAE04EC0-301F-11D3-BF4B-00C04F79EFBC}") = "AspBookApp.Service.Contracts", "AspBookApp.Service.Contracts\AspBookApp.Service.Contracts.csproj", "{11EE279C-4809-4FFE-9CB6-213DE069DF36}"
EndProject
Global
	GlobalSection(SolutionConfigurationPlatforms) = preSolution
		Debug|Any CPU = Debug|Any CPU
		Release|Any CPU = Release|Any CPU
	EndGlobalSection
	GlobalSection(SolutionProperties) = preSolution
		HideSolutionNode = FALSE
	EndGlobalSection
	GlobalSection(ProjectConfigurationPlatforms) = postSolution
		{FE93DDEB-B7CC-4C95-8F14-A743EF40F0A5}.Debug|Any CPU.ActiveCfg = Debug|Any CPU
		{FE93DDEB-B7CC-4C95-8F14-A743EF40F0A5}.Debug|Any CPU.Build.0 = Debug|Any CPU
		{FE93DDEB-B7CC-4C95-8F14-A743EF40F0A5}.Release|Any CPU.ActiveCfg = Release|Any CPU
		{FE93DDEB-B7CC-4C95-8F14-A743EF40F0A5}.Release|Any CPU.Build.0 = Release|Any CPU
		{12708189-3323-4340-9BB5-6740F8CD5F86}.Debug|Any CPU.ActiveCfg = Debug|Any CPU
		{12708189-3323-4340-9BB5-6740F8CD5F86}.Debug|Any CPU.Build.0 = Debug|Any CPU
		{12708189-3323-4340-9BB5-6740F8CD5F86}.Release|Any CPU.ActiveCfg = Release|Any CPU
		{12708189-3323-4340-9BB5-6740F8CD5F86}.Release|Any CPU.Build.0 = Release|Any CPU
		{8342E517-C407-440E-B6E0-72ECB9EE2A98}.Debug|Any CPU.ActiveCfg = Debug|Any CPU
		{8342E517-C407-440E-B6E0-72ECB9EE2A98}.Debug|Any CPU.Build.0 = Debug|Any CPU
		{8342E517-C407-440E-B6E0-72ECB9EE2A98}.Release|Any CPU.ActiveCfg = Release|Any CPU
		{8342E517-C407-440E-B6E0-72ECB9EE2A98}.Release|Any CPU.Build.0 = Release|Any CPU
		{130601BA-5CC3-40C8-9C91-71049EC64434}.Debug|Any CPU.ActiveCfg = Debug|Any CPU
		{130601BA-5CC3-40C8-9C91-71049EC64434}.Debug|Any CPU.Build.0 = Debug|Any CPU
		{130601BA-5CC3-40C8-9C91-71049EC64434}.Release|Any CPU.ActiveCfg = Release|Any CPU
		{130601BA-5CC3-40C8-9C91-71049EC64434}.Release|Any CPU.Build.0 = Release|Any CPU
		{EFBBB3C0-4585-4104-A228-048444EB305D}.Debug|Any CPU.ActiveCfg = Debug|Any CPU
		{EFBBB3C0-4585-4104-A228-048444EB305D}.Debug|Any CPU.Build.0 = Debug|Any CPU
		{EFBBB3C0-4585-4104-A228-048444EB305D}.Release|Any CPU.ActiveCfg = Release|Any CPU
		{EFBBB3C0-4585-4104-A228-048444EB305D}.Release|Any CPU.Build.0 = Release|Any CPU
		{18B343F6-078E-4983-A20B-2304463C6EFB}.Debug|Any CPU.ActiveCfg = Debug|Any CPU
		{18B343F6-078E-4983-A20B-2304463C6EFB}.Debug|Any CPU.Build.0 = Debug|Any CPU
		{18B343F6-078E-4983-A20B-2304463C6EFB}.Release|Any CPU.ActiveCfg = Release|Any CPU
		{18B343F6-078E-4983-A20B-2304463C6EFB}.Release|Any CPU.Build.0 = Release|Any CPU
		{11EE279C-4809-4FFE-9CB6-213DE069DF36}.Debug|Any CPU.ActiveCfg = Debug|Any CPU
		{11EE279C-4809-4FFE-9CB6-213DE069DF36}.Debug|Any CPU.Build.0 = Debug|Any CPU
		{11EE279C-4809-4FFE-9CB6-213DE069DF36}.Release|Any CPU.ActiveCfg = Release|Any CPU
		{11EE279C-4809-4FFE-9CB6-213DE069DF36}.Release|Any CPU.Build.0 = Release|Any CPU
	EndGlobalSection
EndGlobal
