
Microsoft Visual Studio Solution File, Format Version 12.00
# Visual Studio Version 16
VisualStudioVersion = 25.0.1704.0
MinimumVisualStudioVersion = 10.0.40219.1
Project("{FAE04EC0-301F-11D3-BF4B-00C04F79EFBC}") = "test2.0", "test2.0.csproj", "{7758A0E1-4C93-4D4C-B863-CC956F14BC3D}"
EndProject
Global
	GlobalSection(SolutionConfigurationPlatforms) = preSolution
		Debug|Any CPU = Debug|Any CPU
		Release|Any CPU = Release|Any CPU
	EndGlobalSection
	GlobalSection(ProjectConfigurationPlatforms) = postSolution
		{7758A0E1-4C93-4D4C-B863-CC956F14BC3D}.Debug|Any CPU.ActiveCfg = Debug|Any CPU
		{7758A0E1-4C93-4D4C-B863-CC956F14BC3D}.Debug|Any CPU.Build.0 = Debug|Any CPU
		{7758A0E1-4C93-4D4C-B863-CC956F14BC3D}.Release|Any CPU.ActiveCfg = Release|Any CPU
		{7758A0E1-4C93-4D4C-B863-CC956F14BC3D}.Release|Any CPU.Build.0 = Release|Any CPU
	EndGlobalSection
	GlobalSection(SolutionProperties) = preSolution
		HideSolutionNode = FALSE
	EndGlobalSection
	GlobalSection(ExtensibilityGlobals) = postSolution
		SolutionGuid = {063E0815-7432-410C-8317-B6AD39BCF3F0}
	EndGlobalSection
EndGlobal
